
Microsoft Visual Studio Solution File, Format Version 12.00
# Visual Studio Version 17
VisualStudioVersion = 17.7.34003.232
MinimumVisualStudioVersion = 10.0.40219.1
Project("{FAE04EC0-301F-11D3-BF4B-00C04F79EFBC}") = "PS5-Profile-Modder", "PS5-Profile-Modder\PS5-Profile-Modder.csproj", "{84C8B2B0-ED33-4454-A716-66A4E332C7ED}"
EndProject
Project("{C7167F0D-BC9F-4E6E-AFE1-012C56B48DB5}") = "Windows App Packaging Project", "Windows App Packaging Project\Windows App Packaging Project.wapproj", "{A5C01E4B-0182-4F69-8E0B-0AF0FBD955FA}"
EndProject
Global
	GlobalSection(SolutionConfigurationPlatforms) = preSolution
		Debug|Any CPU = Debug|Any CPU
		Debug|ARM = Debug|ARM
		Debug|ARM64 = Debug|ARM64
		Debug|x64 = Debug|x64
		Debug|x86 = Debug|x86
		Release|Any CPU = Release|Any CPU
		Release|ARM = Release|ARM
		Release|ARM64 = Release|ARM64
		Release|x64 = Release|x64
		Release|x86 = Release|x86
	EndGlobalSection
	GlobalSection(ProjectConfigurationPlatforms) = postSolution
		{84C8B2B0-ED33-4454-A716-66A4E332C7ED}.Debug|Any CPU.ActiveCfg = Release|Any CPU
		{84C8B2B0-ED33-4454-A716-66A4E332C7ED}.Debug|Any CPU.Build.0 = Release|Any CPU
		{84C8B2B0-ED33-4454-A716-66A4E332C7ED}.Debug|ARM.ActiveCfg = Debug|Any CPU
		{84C8B2B0-ED33-4454-A716-66A4E332C7ED}.Debug|ARM.Build.0 = Debug|Any CPU
		{84C8B2B0-ED33-4454-A716-66A4E332C7ED}.Debug|ARM64.ActiveCfg = Debug|Any CPU
		{84C8B2B0-ED33-4454-A716-66A4E332C7ED}.Debug|ARM64.Build.0 = Debug|Any CPU
		{84C8B2B0-ED33-4454-A716-66A4E332C7ED}.Debug|x64.ActiveCfg = Debug|Any CPU
		{84C8B2B0-ED33-4454-A716-66A4E332C7ED}.Debug|x64.Build.0 = Debug|Any CPU
		{84C8B2B0-ED33-4454-A716-66A4E332C7ED}.Debug|x86.ActiveCfg = Debug|x86
		{84C8B2B0-ED33-4454-A716-66A4E332C7ED}.Debug|x86.Build.0 = Debug|x86
		{84C8B2B0-ED33-4454-A716-66A4E332C7ED}.Release|Any CPU.ActiveCfg = Release|Any CPU
		{84C8B2B0-ED33-4454-A716-66A4E332C7ED}.Release|Any CPU.Build.0 = Release|Any CPU
		{84C8B2B0-ED33-4454-A716-66A4E332C7ED}.Release|ARM.ActiveCfg = Release|Any CPU
		{84C8B2B0-ED33-4454-A716-66A4E332C7ED}.Release|ARM.Build.0 = Release|Any CPU
		{84C8B2B0-ED33-4454-A716-66A4E332C7ED}.Release|ARM64.ActiveCfg = Release|Any CPU
		{84C8B2B0-ED33-4454-A716-66A4E332C7ED}.Release|ARM64.Build.0 = Release|Any CPU
		{84C8B2B0-ED33-4454-A716-66A4E332C7ED}.Release|x64.ActiveCfg = Release|Any CPU
		{84C8B2B0-ED33-4454-A716-66A4E332C7ED}.Release|x64.Build.0 = Release|Any CPU
		{84C8B2B0-ED33-4454-A716-66A4E332C7ED}.Release|x86.ActiveCfg = Release|x86
		{84C8B2B0-ED33-4454-A716-66A4E332C7ED}.Release|x86.Build.0 = Release|x86
		{A5C01E4B-0182-4F69-8E0B-0AF0FBD955FA}.Debug|Any CPU.ActiveCfg = Release|Any CPU
		{A5C01E4B-0182-4F69-8E0B-0AF0FBD955FA}.Debug|Any CPU.Build.0 = Release|Any CPU
		{A5C01E4B-0182-4F69-8E0B-0AF0FBD955FA}.Debug|Any CPU.Deploy.0 = Release|Any CPU
		{A5C01E4B-0182-4F69-8E0B-0AF0FBD955FA}.Debug|ARM.ActiveCfg = Debug|ARM
		{A5C01E4B-0182-4F69-8E0B-0AF0FBD955FA}.Debug|ARM.Build.0 = Debug|ARM
		{A5C01E4B-0182-4F69-8E0B-0AF0FBD955FA}.Debug|ARM.Deploy.0 = Debug|ARM
		{A5C01E4B-0182-4F69-8E0B-0AF0FBD955FA}.Debug|ARM64.ActiveCfg = Debug|ARM64
		{A5C01E4B-0182-4F69-8E0B-0AF0FBD955FA}.Debug|ARM64.Build.0 = Debug|ARM64
		{A5C01E4B-0182-4F69-8E0B-0AF0FBD955FA}.Debug|ARM64.Deploy.0 = Debug|ARM64
		{A5C01E4B-0182-4F69-8E0B-0AF0FBD955FA}.Debug|x64.ActiveCfg = Debug|x64
		{A5C01E4B-0182-4F69-8E0B-0AF0FBD955FA}.Debug|x64.Build.0 = Debug|x64
		{A5C01E4B-0182-4F69-8E0B-0AF0FBD955FA}.Debug|x64.Deploy.0 = Debug|x64
		{A5C01E4B-0182-4F69-8E0B-0AF0FBD955FA}.Debug|x86.ActiveCfg = Debug|x86
		{A5C01E4B-0182-4F69-8E0B-0AF0FBD955FA}.Debug|x86.Build.0 = Debug|x86
		{A5C01E4B-0182-4F69-8E0B-0AF0FBD955FA}.Debug|x86.Deploy.0 = Debug|x86
		{A5C01E4B-0182-4F69-8E0B-0AF0FBD955FA}.Release|Any CPU.ActiveCfg = Release|Any CPU
		{A5C01E4B-0182-4F69-8E0B-0AF0FBD955FA}.Release|Any CPU.Build.0 = Release|Any CPU
		{A5C01E4B-0182-4F69-8E0B-0AF0FBD955FA}.Release|Any CPU.Deploy.0 = Release|Any CPU
		{A5C01E4B-0182-4F69-8E0B-0AF0FBD955FA}.Release|ARM.ActiveCfg = Release|ARM
		{A5C01E4B-0182-4F69-8E0B-0AF0FBD955FA}.Release|ARM.Build.0 = Release|ARM
		{A5C01E4B-0182-4F69-8E0B-0AF0FBD955FA}.Release|ARM.Deploy.0 = Release|ARM
		{A5C01E4B-0182-4F69-8E0B-0AF0FBD955FA}.Release|ARM64.ActiveCfg = Release|ARM64
		{A5C01E4B-0182-4F69-8E0B-0AF0FBD955FA}.Release|ARM64.Build.0 = Release|ARM64
		{A5C01E4B-0182-4F69-8E0B-0AF0FBD955FA}.Release|ARM64.Deploy.0 = Release|ARM64
		{A5C01E4B-0182-4F69-8E0B-0AF0FBD955FA}.Release|x64.ActiveCfg = Release|x64
		{A5C01E4B-0182-4F69-8E0B-0AF0FBD955FA}.Release|x64.Build.0 = Release|x64
		{A5C01E4B-0182-4F69-8E0B-0AF0FBD955FA}.Release|x64.Deploy.0 = Release|x64
		{A5C01E4B-0182-4F69-8E0B-0AF0FBD955FA}.Release|x86.ActiveCfg = Release|x86
		{A5C01E4B-0182-4F69-8E0B-0AF0FBD955FA}.Release|x86.Build.0 = Release|x86
		{A5C01E4B-0182-4F69-8E0B-0AF0FBD955FA}.Release|x86.Deploy.0 = Release|x86
	EndGlobalSection
	GlobalSection(SolutionProperties) = preSolution
		HideSolutionNode = FALSE
	EndGlobalSection
	GlobalSection(ExtensibilityGlobals) = postSolution
		SolutionGuid = {BB3F7AF4-1FDA-4049-B916-6859E01CCF98}
	EndGlobalSection
EndGlobal
